{
	"archiveVersion": "1",
	"classes": {},
	"objectVersion": "54",
	"objects": {
		"0099ACDC-C4E7-4E80-9DCF-93374758F208": {
			"fileEncoding": "4",
			"isa": "PBXFileReference",
			"lastKnownFileType": "sourcecode.cpp.h",
			"name": "ofxAudioAnalysisClient.h",
			"path": "../../../addons/ofxAudioAnalysisClient/src/ofxAudioAnalysisClient.h",
			"sourceTree": "SOURCE_ROOT"
		},
		"0236BF31-E967-4A0E-8D30-7DE263E9CBE3": {
			"fileEncoding": "4",
			"isa": "PBXFileReference",
			"lastKnownFileType": "sourcecode.cpp.h",
			"name": "ofxUDPManager.h",
			"path": "../../../addons/ofxNetwork/src/ofxUDPManager.h",
			"sourceTree": "SOURCE_ROOT"
		},
		"036B9F7C-2741-489F-9D24-F13522DE260F": {
			"children": [
				"993B0A09-31AB-417A-8E99-79700146C664"
			],
			"isa": "PBXGroup",
			"name": "ofxAudioData",
			"sourceTree": "SOURCE_ROOT"
		},
		"043CFF8B-EE37-487D-8EC2-0693EC145927": {
			"fileEncoding": "4",
			"isa": "PBXFileReference",
			"lastKnownFileType": "sourcecode.cpp.cpp",
			"name": "ofxOscMessage.cpp",
			"path": "../../../addons/ofxOsc/src/ofxOscMessage.cpp",
			"sourceTree": "SOURCE_ROOT"
		},
		"0551A74E-AC83-4D5B-A63A-81137958C08B": {
			"fileEncoding": "4",
			"isa": "PBXFileReference",
			"lastKnownFileType": "sourcecode.cpp.h",
			"name": "ofxTCPClient.h",
			"path": "../../../addons/ofxNetwork/src/ofxTCPClient.h",
			"sourceTree": "SOURCE_ROOT"
		},
		"08E44A11-BD05-4103-9035-9A067FC0AE1B": {
			"fileEncoding": "4",
			"isa": "PBXFileReference",
			"lastKnownFileType": "sourcecode.cpp.cpp",
			"name": "ofxPanel.cpp",
			"path": "../../../addons/ofxGui/src/ofxPanel.cpp",
			"sourceTree": "SOURCE_ROOT"
		},
		"0A682FEA-E7CA-4793-A0D6-EFDDD2FB0BD1": {
			"fileEncoding": "4",
			"isa": "PBXFileReference",
			"lastKnownFileType": "sourcecode.cpp.cpp",
			"name": "ofxSliderGroup.cpp",
			"path": "../../../addons/ofxGui/src/ofxSliderGroup.cpp",
			"sourceTree": "SOURCE_ROOT"
		},
		"0B7A17A0-B4EF-4860-B60E-E70EE47F8538": {
			"fileEncoding": "4",
			"isa": "PBXFileReference",
			"lastKnownFileType": "sourcecode.cpp.h",
			"name": "ofxNetwork.h",
			"path": "../../../addons/ofxNetwork/src/ofxNetwork.h",
			"sourceTree": "SOURCE_ROOT"
		},
		"1016CAC7-E920-409D-8768-73026EC730D9": {
			"fileRef": "EF0BCCC0-A0CB-4A3E-BDA5-E8F9647C5E89",
			"isa": "PBXBuildFile"
		},
		"11B2A8D1-4F3F-4ACC-B2E0-8BBE8B9D09A5": {
			"fileEncoding": "4",
			"isa": "PBXFileReference",
			"lastKnownFileType": "sourcecode.cpp.h",
			"name": "ofxNetworkUtils.h",
			"path": "../../../addons/ofxNetwork/src/ofxNetworkUtils.h",
			"sourceTree": "SOURCE_ROOT"
		},
		"1620582D-CC5E-4346-9804-E77865C81A49": {
			"children": [
				"5CA7162B-11E2-4829-819D-87AAD8383B71",
				"924A2D02-7B7F-421E-92D8-4DAD642AAF8C",
				"F6E3AF6A-7B67-481D-BC90-0BFC6E3E6D02",
				"63FE6067-49C3-41FB-A0DC-8772018A7E17",
				"511C21C0-D543-4AFB-8DC9-316A005C85D1",
				"6510C46D-0D07-474D-8BE6-59F34C13D1E9",
				"3816444C-3C22-4AE4-AB59-EBD2E18CC168",
				"9D0E65B6-D3FE-46D0-BAB4-6C14ACA7BC54"
			],
			"isa": "PBXGroup",
			"name": "src",
			"sourceTree": "SOURCE_ROOT"
		},
		"1848FEC8-7E5C-4E55-9B57-541D32E91474": {
			"fileEncoding": "4",
			"isa": "PBXFileReference",
			"lastKnownFileType": "sourcecode.cpp.h",
			"name": "ofxSelfOrganizingMap.h",
			"path": "../../../addons/ofxSelfOrganizingMap/src/ofxSelfOrganizingMap.h",
			"sourceTree": "SOURCE_ROOT"
		},
		"18D7DA6C-FF65-4E32-8205-67FE57ACCE08": {
			"fileRef": "63FE6067-49C3-41FB-A0DC-8772018A7E17",
			"isa": "PBXBuildFile"
		},
		"191CD6FA2847E21E0085CBB6": {
			"fileEncoding": "4",
			"isa": "PBXFileReference",
			"lastKnownFileType": "text.plist.entitlements",
			"path": "of.entitlements",
			"sourceTree": "<group>"
		},
		"191EF70929D778A400F35F26": {
			"isa": "PBXFileReference",
			"lastKnownFileType": "folder",
			"name": "openFrameworks",
			"path": "../../../libs/openFrameworks",
			"sourceTree": "SOURCE_ROOT"
		},
		"19B789C429E5AB4A0082E9B8": {
			"alwaysOutOfDate": "1",
			"buildActionMask": "2147483647",
			"files": [],
			"inputFileListPaths": [],
			"inputPaths": [],
			"isa": "PBXShellScriptBuildPhase",
			"outputFileListPaths": [],
			"outputPaths": [],
			"runOnlyForDeploymentPostprocessing": "0",
			"shellPath": "/bin/sh",
			"shellScript": "\"$OF_PATH/scripts/osx/xcode_project.sh\"\n",
			"showEnvVarsInLog": "0"
		},
		"1AAE02FE-CF57-444E-A964-712E88327E72": {
			"fileEncoding": "4",
			"isa": "PBXFileReference",
			"lastKnownFileType": "sourcecode.cpp.h",
			"name": "JacobiShader.h",
			"path": "../../../addons/ofxRenderer/src/fluid/JacobiShader.h",
			"sourceTree": "SOURCE_ROOT"
		},
		"1B4C29AF-8B56-4B5E-ABD7-2D0261882436": {
			"children": [
				"3317AB02-329F-420D-A4BE-5C847E85BF1A"
			],
			"isa": "PBXGroup",
			"name": "ofxFFmpegRecorder",
			"sourceTree": "SOURCE_ROOT"
		},
		"1C84E1B7-55C6-4A17-AA77-2477A1F62E08": {
			"fileEncoding": "4",
			"isa": "PBXFileReference",
			"lastKnownFileType": "folder",
			"path": "bin/data",
			"sourceTree": "SOURCE_ROOT"
		},
		"1E5F3312-C0E1-48A7-9709-FA608131F0C0": {
			"fileEncoding": "4",
			"isa": "PBXFileReference",
			"lastKnownFileType": "sourcecode.cpp.h",
			"name": "ofxOscSender.h",
			"path": "../../../addons/ofxOsc/src/ofxOscSender.h",
			"sourceTree": "SOURCE_ROOT"
		},
		"1FF79152-D270-4594-8AA1-C3707F38C3C4": {
			"fileEncoding": "4",
			"isa": "PBXFileReference",
			"lastKnownFileType": "sourcecode.cpp.h",
			"name": "ofxOscArg.h",
			"path": "../../../addons/ofxOsc/src/ofxOscArg.h",
			"sourceTree": "SOURCE_ROOT"
		},
		"2041AF3E-E60D-4DE7-9CC5-89BD7B636E13": {
			"fileEncoding": "4",
			"isa": "PBXFileReference",
			"lastKnownFileType": "sourcecode.cpp.cpp",
			"name": "ofxSlider.cpp",
			"path": "../../../addons/ofxGui/src/ofxSlider.cpp",
			"sourceTree": "SOURCE_ROOT"
		},
		"21D454A2-8417-4DEF-9E3B-170E18E81BBC": {
			"fileEncoding": "4",
			"isa": "PBXFileReference",
			"lastKnownFileType": "sourcecode.cpp.cpp",
			"name": "Processor.cpp",
			"path": "../../../addons/ofxAudioData/src/Processor.cpp",
			"sourceTree": "SOURCE_ROOT"
		},
		"22E5000C-B639-4F6E-A36A-34C5C734B746": {
			"fileEncoding": "4",
			"isa": "PBXFileReference",
			"lastKnownFileType": "sourcecode.cpp.h",
			"name": "MultiplyColorShader.h",
			"path": "../../../addons/ofxRenderer/src/shaders/MultiplyColorShader.h",
			"sourceTree": "SOURCE_ROOT"
		},
		"2305CF63-9E57-406D-86D0-0C747FB0AC04": {
			"fileRef": "2BE9259F-BD76-4EB0-A2CC-EA9E005E1FF8",
			"isa": "PBXBuildFile"
		},
		"2309E2C2-CE22-4375-91D4-250340BC8B03": {
			"fileEncoding": "4",
			"isa": "PBXFileReference",
			"lastKnownFileType": "sourcecode.cpp.h",
			"name": "ofxGuiUtils.h",
			"path": "../../../addons/ofxGui/src/ofxGuiUtils.h",
			"sourceTree": "SOURCE_ROOT"
		},
		"24021D57-F17D-444F-9071-C1F1DFE6F9F1": {
			"fileEncoding": "4",
			"isa": "PBXFileReference",
			"lastKnownFileType": "sourcecode.cpp.h",
			"name": "AddRadialImpulseShader.h",
			"path": "../../../addons/ofxRenderer/src/fluid/AddRadialImpulseShader.h",
			"sourceTree": "SOURCE_ROOT"
		},
		"24334EAA-96B7-4C72-9358-E9523530EA73": {
			"children": [
				"E91AEBC0-21F2-49D0-91AD-366B1E68A7CE",
				"38CFF5E8-5F1F-4435-9893-D2A4308BDE43"
			],
			"isa": "PBXGroup",
			"name": "src",
			"sourceTree": "SOURCE_ROOT"
		},
		"250989C3-ECEA-4BAD-9FDE-8912E94BA289": {
			"fileEncoding": "4",
			"isa": "PBXFileReference",
			"lastKnownFileType": "sourcecode.cpp.h",
			"name": "ofxSlider.h",
			"path": "../../../addons/ofxGui/src/ofxSlider.h",
			"sourceTree": "SOURCE_ROOT"
		},
		"25232E19-3240-459E-9696-338372198532": {
			"children": [
				"F37B1334-1A47-4A52-AE3B-4A10C36ACEB2",
				"D229C5DD-4502-43EA-9272-DE76D632E4B9"
			],
			"isa": "PBXGroup",
			"name": "src",
			"sourceTree": "SOURCE_ROOT"
		},
		"253C765A-3A3E-46AB-9AD2-C82CF0878A6F": {
			"fileEncoding": "4",
			"isa": "PBXFileReference",
			"lastKnownFileType": "sourcecode.cpp.h",
			"name": "OpticalFlowShader.h",
			"path": "../../../addons/ofxRenderer/src/shaders/OpticalFlowShader.h",
			"sourceTree": "SOURCE_ROOT"
		},
		"25BD983B-5D97-4C93-82B8-9DFF2D962498": {
			"children": [
				"6E0B10C4-55F6-43F7-8462-40E9A2848394"
			],
			"isa": "PBXGroup",
			"name": "ofxRenderer",
			"sourceTree": "SOURCE_ROOT"
		},
		"26EE2B39-1D93-44B1-BF5D-B9443FE9E1EF": {
			"fileEncoding": "4",
			"isa": "PBXFileReference",
			"lastKnownFileType": "sourcecode.cpp.h",
			"name": "SpectrumPlots.hpp",
			"path": "../../../addons/ofxAudioData/src/SpectrumPlots.hpp",
			"sourceTree": "SOURCE_ROOT"
		},
		"2727138E-D207-4AA4-B741-7FDB50F93198": {
			"fileEncoding": "4",
			"isa": "PBXFileReference",
			"lastKnownFileType": "sourcecode.cpp.h",
			"name": "ofxOsc.h",
			"path": "../../../addons/ofxOsc/src/ofxOsc.h",
			"sourceTree": "SOURCE_ROOT"
		},
		"298A6FCA-32DD-4D04-A6F3-BA341674AD17": {
			"fileEncoding": "4",
			"isa": "PBXFileReference",
			"lastKnownFileType": "sourcecode.cpp.h",
			"name": "ofxUDPSettings.h",
			"path": "../../../addons/ofxNetwork/src/ofxUDPSettings.h",
			"sourceTree": "SOURCE_ROOT"
		},
		"2A2CF0DC-9A74-4F44-82BE-3F3B15BC4484": {
			"fileEncoding": "4",
			"isa": "PBXFileReference",
			"lastKnownFileType": "sourcecode.cpp.h",
			"name": "Shader.h",
			"path": "../../../addons/ofxRenderer/src/Shader.h",
			"sourceTree": "SOURCE_ROOT"
		},
		"2A44DB28-CBD5-4489-B2B1-A406E5C287DB": {
			"children": [
				"78987F80-1A31-4A53-871F-1A4C4B5B99FC",
				"24021D57-F17D-444F-9071-C1F1DFE6F9F1",
				"F2CC2F41-1EED-4B19-8489-6FFCD53779B2",
				"D323AA36-3A4A-4EEE-B15E-75A2ABF62FC7",
				"B91760BC-DF06-4E1B-9AD1-DB5A7572AF4F",
				"F667A5E8-4A76-44D3-8198-C0A964A98BAD",
				"6640A6DD-ADD4-43E5-8B27-11B8A6CD11D2",
				"1AAE02FE-CF57-444E-A964-712E88327E72",
				"F7D52980-7652-4982-B179-7B9B22CB9062",
				"E20CDB33-5ACE-4C92-BEB7-DB162BE76D0A"
			],
			"isa": "PBXGroup",
			"name": "fluid",
			"sourceTree": "SOURCE_ROOT"
		},
		"2A561761-D442-4129-B0F5-E14B1D801203": {
			"children": [
				"C7875569-7AC9-401D-B4C0-CD4E143F241F",
				"E592E7D0-EB31-45A9-97F5-89B89D0CA8C6"
			],
			"isa": "PBXGroup",
			"name": "src",
			"sourceTree": "SOURCE_ROOT"
		},
		"2B325923-AB7E-47B2-9719-C8B10696E83D": {
			"fileRef": "3AD9134C-CB80-4C1B-91B2-F766AA83F708",
			"isa": "PBXBuildFile"
		},
		"2B8E0F5E-475B-4EBE-AF4B-3866F512ABBD": {
			"fileRef": "A9EBA208-EB4D-4E7F-91E2-4CB872625347",
			"isa": "PBXBuildFile"
		},
		"2BE9259F-BD76-4EB0-A2CC-EA9E005E1FF8": {
			"fileEncoding": "4",
			"isa": "PBXFileReference",
			"lastKnownFileType": "sourcecode.cpp.cpp",
			"name": "ofxSelfOrganizingMap.cpp",
			"path": "../../../addons/ofxSelfOrganizingMap/src/ofxSelfOrganizingMap.cpp",
			"sourceTree": "SOURCE_ROOT"
		},
		"2CDF5BCE-6E97-4789-916B-52A3AC384C42": {
			"fileEncoding": "4",
			"isa": "PBXFileReference",
			"lastKnownFileType": "sourcecode.cpp.h",
			"name": "ofxTCPManager.h",
			"path": "../../../addons/ofxNetwork/src/ofxTCPManager.h",
			"sourceTree": "SOURCE_ROOT"
		},
		"2CFC96D2-22E7-4A9D-A718-B57A5D93BA35": {
			"fileEncoding": "4",
			"isa": "PBXFileReference",
			"lastKnownFileType": "sourcecode.cpp.h",
			"name": "TranslateShader.h",
			"path": "../../../addons/ofxRenderer/src/shaders/TranslateShader.h",
			"sourceTree": "SOURCE_ROOT"
		},
		"2D8E49E9-25F7-4E50-83AF-A05F87EFCD87": {
			"fileEncoding": "4",
			"isa": "PBXFileReference",
			"lastKnownFileType": "sourcecode.cpp.h",
			"name": "OscPrintReceivedElements.h",
			"path": "../../../addons/ofxOsc/libs/oscpack/src/osc/OscPrintReceivedElements.h",
			"sourceTree": "SOURCE_ROOT"
		},
		"2E1EAF71-8AAE-4F36-AC09-1B1CB482FA2A": {
			"fileEncoding": "4",
			"isa": "PBXFileReference",
			"lastKnownFileType": "sourcecode.cpp.h",
			"name": "AddTextureShader.h",
			"path": "../../../addons/ofxRenderer/src/shaders/AddTextureShader.h",
			"sourceTree": "SOURCE_ROOT"
		},
		"30F301B4-E2DE-43BB-8226-E1BCC2E6C53E": {
			"fileRef": "8C026919-6B99-4554-8A06-E9DA9B1FA10F",
			"isa": "PBXBuildFile"
		},
		"312ED228-3EFE-48C1-AF26-9FDB4EB9EC8E": {
			"fileEncoding": "4",
			"isa": "PBXFileReference",
			"lastKnownFileType": "sourcecode.cpp.h",
			"name": "ofxFFmpegRecorder.h",
			"path": "../../../addons/ofxFFmpegRecorder/src/ofxFFmpegRecorder.h",
			"sourceTree": "SOURCE_ROOT"
		},
		"327C4113-31B4-4791-AF29-330C98D49E41": {
			"fileEncoding": "4",
			"isa": "PBXFileReference",
			"lastKnownFileType": "sourcecode.cpp.cpp",
			"name": "FileClient.cpp",
			"path": "../../../addons/ofxAudioAnalysisClient/src/FileClient.cpp",
			"sourceTree": "SOURCE_ROOT"
		},
		"3317AB02-329F-420D-A4BE-5C847E85BF1A": {
			"children": [
				"7A16B805-C45C-46BA-8AE7-4FF012C63B41",
				"312ED228-3EFE-48C1-AF26-9FDB4EB9EC8E"
			],
			"isa": "PBXGroup",
			"name": "src",
			"sourceTree": "SOURCE_ROOT"
		},
		"347F69D7-03D6-424A-92C5-86B24FE914E4": {
			"fileEncoding": "4",
			"isa": "PBXFileReference",
			"lastKnownFileType": "sourcecode.cpp.h",
			"name": "Plots.hpp",
			"path": "../../../addons/ofxAudioData/src/Plots.hpp",
			"sourceTree": "SOURCE_ROOT"
		},
		"35111F21-0F63-4255-8528-4DD028D09FBE": {
			"fileRef": "3816444C-3C22-4AE4-AB59-EBD2E18CC168",
			"isa": "PBXBuildFile"
		},
		"3551A31B-E425-46B2-87F0-C99B2325B26C": {
			"fileEncoding": "4",
			"isa": "PBXFileReference",
			"lastKnownFileType": "sourcecode.cpp.h",
			"name": "ofxIntrospector.h",
			"path": "../../../addons/ofxIntrospector/src/ofxIntrospector.h",
			"sourceTree": "SOURCE_ROOT"
		},
		"3816444C-3C22-4AE4-AB59-EBD2E18CC168": {
			"fileEncoding": "4",
			"isa": "PBXFileReference",
			"lastKnownFileType": "sourcecode.cpp.cpp",
			"name": "ofxTimeMeasurementsScoped.cpp",
			"path": "../../../addons/ofxTimeMeasurements/src/ofxTimeMeasurementsScoped.cpp",
			"sourceTree": "SOURCE_ROOT"
		},
		"38CFF5E8-5F1F-4435-9893-D2A4308BDE43": {
			"children": [
				"D711E8EB-C602-4ED3-BA78-04CA566AE862",
				"89B383F9-3765-470C-8F31-3D8F8F9F6E9D",
				"91155EA7-5DF6-4032-A32B-3802A717B155",
				"3AD9134C-CB80-4C1B-91B2-F766AA83F708",
				"C7E16E5D-344D-4F02-ABDA-4168791BB79B",
				"B2376AC7-0158-4514-96C2-A6D8DC103B11",
				"5C1B3465-99FE-419A-A379-96D1BF60B1CD",
				"2D8E49E9-25F7-4E50-83AF-A05F87EFCD87",
				"4B785D0D-843C-464A-ABBF-7C3F0A1FB833",
				"A1F2E055-B6A5-4F0D-824A-4508B3AB5240",
				"54D78CB5-430F-42A5-B590-DDCB3683E7F2",
				"4DA601DD-CBCD-4766-AD87-A260EF620FA7"
			],
			"isa": "PBXGroup",
			"name": "osc",
			"sourceTree": "SOURCE_ROOT"
		},
		"395E017C-D92B-4ADA-8E65-EE79CEE6BB13": {
			"fileEncoding": "4",
			"isa": "PBXFileReference",
			"lastKnownFileType": "sourcecode.cpp.h",
			"name": "PingPongRenderer.h",
			"path": "../../../addons/ofxRenderer/src/PingPongRenderer.h",
			"sourceTree": "SOURCE_ROOT"
		},
		"3AC7015C-2669-45AE-BB37-40694F9F54E8": {
			"fileRef": "08E44A11-BD05-4103-9035-9A067FC0AE1B",
			"isa": "PBXBuildFile"
		},
		"3AD43F17-C216-4B4A-9A82-787AABA3B757": {
			"children": [
				"1620582D-CC5E-4346-9804-E77865C81A49"
			],
			"isa": "PBXGroup",
			"name": "ofxTimeMeasurements",
			"sourceTree": "SOURCE_ROOT"
		},
		"3AD9134C-CB80-4C1B-91B2-F766AA83F708": {
			"fileEncoding": "4",
			"isa": "PBXFileReference",
			"lastKnownFileType": "sourcecode.cpp.cpp",
			"name": "OscOutboundPacketStream.cpp",
			"path": "../../../addons/ofxOsc/libs/oscpack/src/osc/OscOutboundPacketStream.cpp",
			"sourceTree": "SOURCE_ROOT"
		},
		"3C78EA1C-3423-414F-B401-C6B421C8C788": {
			"children": [
				"70B9ABAF-4D4F-44AF-8445-12EC2A9B6CC4",
				"512934D2-D960-494C-8173-5D4FE44532E1"
			],
			"isa": "PBXGroup",
			"name": "ofxOsc",
			"sourceTree": "SOURCE_ROOT"
		},
		"3D44F363-F145-4732-8F38-247FD781167C": {
			"fileEncoding": "4",
			"isa": "PBXFileReference",
			"lastKnownFileType": "sourcecode.cpp.h",
			"name": "IpEndpointName.h",
			"path": "../../../addons/ofxOsc/libs/oscpack/src/ip/IpEndpointName.h",
			"sourceTree": "SOURCE_ROOT"
		},
		"41527078-3CB9-4B39-938E-C04FEC2FD732": {
			"children": [
				"24334EAA-96B7-4C72-9358-E9523530EA73"
			],
			"isa": "PBXGroup",
			"name": "oscpack",
			"sourceTree": "SOURCE_ROOT"
		},
		"41E2B94A-4F86-4AE5-81D2-A37C5307540E": {
			"fileRef": "495A4A7A-6468-4093-951C-2C7670DEF83D",
			"isa": "PBXBuildFile"
		},
		"442E8A32-83DB-4462-B02C-CDBE407300B0": {
			"fileEncoding": "4",
			"isa": "PBXFileReference",
			"lastKnownFileType": "sourcecode.cpp.cpp",
			"name": "NetworkingUtils.cpp",
			"path": "../../../addons/ofxOsc/libs/oscpack/src/ip/posix/NetworkingUtils.cpp",
			"sourceTree": "SOURCE_ROOT"
		},
		"45DA2D15-9428-4AFF-9EB4-6952ABC8DA92": {
			"fileEncoding": "4",
			"isa": "PBXFileReference",
			"lastKnownFileType": "sourcecode.cpp.cpp",
			"name": "UdpSocket.cpp",
			"path": "../../../addons/ofxOsc/libs/oscpack/src/ip/posix/UdpSocket.cpp",
			"sourceTree": "SOURCE_ROOT"
		},
		"463A5004-0A4C-4CD8-81AD-ACAE05698E13": {
			"fileEncoding": "4",
			"isa": "PBXFileReference",
			"lastKnownFileType": "sourcecode.cpp.cpp",
			"name": "LiveClient.cpp",
			"path": "../../../addons/ofxAudioAnalysisClient/src/LiveClient.cpp",
			"sourceTree": "SOURCE_ROOT"
		},
		"47B3FC5A-732F-48FC-A684-126ED44F8D6F": {
			"children": [
				"83C7288F-1B10-4F63-BB78-14CC6A4D849C"
			],
			"isa": "PBXGroup",
			"name": "ofxGui",
			"sourceTree": "SOURCE_ROOT"
		},
		"48EC03E0-F30B-441E-925B-04AD7D501546": {
			"fileRef": "54D78CB5-430F-42A5-B590-DDCB3683E7F2",
			"isa": "PBXBuildFile"
		},
		"495A4A7A-6468-4093-951C-2C7670DEF83D": {
			"fileEncoding": "4",
			"isa": "PBXFileReference",
			"lastKnownFileType": "sourcecode.cpp.cpp",
			"name": "ofxTCPServer.cpp",
			"path": "../../../addons/ofxNetwork/src/ofxTCPServer.cpp",
			"sourceTree": "SOURCE_ROOT"
		},
		"49AF785A-1C74-4DC0-8407-3695A9866EB6": {
			"fileEncoding": "4",
			"isa": "PBXFileReference",
			"lastKnownFileType": "sourcecode.cpp.h",
			"name": "FileClient.hpp",
			"path": "../../../addons/ofxAudioAnalysisClient/src/FileClient.hpp",
			"sourceTree": "SOURCE_ROOT"
		},
		"4B785D0D-843C-464A-ABBF-7C3F0A1FB833": {
			"fileEncoding": "4",
			"isa": "PBXFileReference",
			"lastKnownFileType": "sourcecode.cpp.cpp",
			"name": "OscReceivedElements.cpp",
			"path": "../../../addons/ofxOsc/libs/oscpack/src/osc/OscReceivedElements.cpp",
			"sourceTree": "SOURCE_ROOT"
		},
		"4C2C52EC-A0FB-4496-94DA-94A4CAAF934C": {
			"fileEncoding": "4",
			"isa": "PBXFileReference",
			"lastKnownFileType": "sourcecode.cpp.h",
			"name": "ofxTCPServer.h",
			"path": "../../../addons/ofxNetwork/src/ofxTCPServer.h",
			"sourceTree": "SOURCE_ROOT"
		},
		"4DA601DD-CBCD-4766-AD87-A260EF620FA7": {
			"fileEncoding": "4",
			"isa": "PBXFileReference",
			"lastKnownFileType": "sourcecode.cpp.h",
			"name": "OscTypes.h",
			"path": "../../../addons/ofxOsc/libs/oscpack/src/osc/OscTypes.h",
			"sourceTree": "SOURCE_ROOT"
		},
		"4DB6D9A7-F234-412F-9AD3-3E032B3B2CF8": {
			"fileEncoding": "4",
			"isa": "PBXFileReference",
			"lastKnownFileType": "sourcecode.cpp.h",
			"name": "TimerListener.h",
			"path": "../../../addons/ofxOsc/libs/oscpack/src/ip/TimerListener.h",
			"sourceTree": "SOURCE_ROOT"
		},
		"4F5613AF-ECFB-42F9-8157-95506E053D72": {
			"fileEncoding": "4",
			"isa": "PBXFileReference",
			"lastKnownFileType": "sourcecode.cpp.cpp",
			"name": "ofxOscParameterSync.cpp",
			"path": "../../../addons/ofxOsc/src/ofxOscParameterSync.cpp",
			"sourceTree": "SOURCE_ROOT"
		},
		"511C21C0-D543-4AFB-8DC9-316A005C85D1": {
			"fileEncoding": "4",
			"isa": "PBXFileReference",
			"lastKnownFileType": "sourcecode.cpp.h",
			"name": "ofxTimeMeasurements.h",
			"path": "../../../addons/ofxTimeMeasurements/src/ofxTimeMeasurements.h",
			"sourceTree": "SOURCE_ROOT"
		},
		"512934D2-D960-494C-8173-5D4FE44532E1": {
			"children": [
				"2727138E-D207-4AA4-B741-7FDB50F93198",
				"1FF79152-D270-4594-8AA1-C3707F38C3C4",
				"5D033B35-5B5C-4CD4-A4D8-D4D0D8DB1395",
				"E3C2BD4D-3068-472D-BE92-9AD6C5CA8C65",
				"043CFF8B-EE37-487D-8EC2-0693EC145927",
				"CE4607DC-836D-4A36-A489-6EC271ED911F",
				"4F5613AF-ECFB-42F9-8157-95506E053D72",
				"CDEC196F-2781-4AE7-AD8B-9D5C169916E3",
				"E252CFD7-2C54-4112-99C4-07F2F49A8009",
				"9829AA0A-76B8-4E85-80BD-368ECA2158C7",
				"8E00A1D7-904C-4FE2-9F18-1AD13F464709",
				"1E5F3312-C0E1-48A7-9709-FA608131F0C0"
			],
			"isa": "PBXGroup",
			"name": "src",
			"sourceTree": "SOURCE_ROOT"
		},
		"52387F70-F601-41FC-B119-A1D32E5EAFE0": {
			"children": [
				"CE4EC102-0462-400D-8879-95CB51DF6E59"
			],
			"isa": "PBXGroup",
			"name": "ofxNetwork",
			"sourceTree": "SOURCE_ROOT"
		},
		"54D78CB5-430F-42A5-B590-DDCB3683E7F2": {
			"fileEncoding": "4",
			"isa": "PBXFileReference",
			"lastKnownFileType": "sourcecode.cpp.cpp",
			"name": "OscTypes.cpp",
			"path": "../../../addons/ofxOsc/libs/oscpack/src/osc/OscTypes.cpp",
			"sourceTree": "SOURCE_ROOT"
		},
		"54F56F21-C6D9-42D3-8781-A5638686CC89": {
			"fileEncoding": "4",
			"isa": "PBXFileReference",
			"lastKnownFileType": "sourcecode.cpp.h",
			"name": "ofxSliderGroup.h",
			"path": "../../../addons/ofxGui/src/ofxSliderGroup.h",
			"sourceTree": "SOURCE_ROOT"
		},
		"555C4969-8141-4050-850A-4CA482216303": {
			"fileEncoding": "4",
			"isa": "PBXFileReference",
			"lastKnownFileType": "sourcecode.cpp.h",
			"name": "ofxGui.h",
			"path": "../../../addons/ofxGui/src/ofxGui.h",
			"sourceTree": "SOURCE_ROOT"
		},
		"55FFEFA5-4DE8-4019-A414-DD6D0B153D71": {
			"fileEncoding": "4",
			"isa": "PBXFileReference",
			"lastKnownFileType": "sourcecode.cpp.h",
			"name": "Processor.hpp",
			"path": "../../../addons/ofxAudioData/src/Processor.hpp",
			"sourceTree": "SOURCE_ROOT"
		},
		"566BB79B-7D3D-45F7-88F5-527FA74CC823": {
			"fileRef": "BCBEE6D4-A69E-4277-8C49-3BB965AC526D",
			"isa": "PBXBuildFile"
		},
		"590791A8-4EA4-4331-AF76-B416566B4770": {
			"fileEncoding": "4",
			"isa": "PBXFileReference",
			"lastKnownFileType": "sourcecode.cpp.h",
			"name": "BaseClient.hpp",
			"path": "../../../addons/ofxAudioAnalysisClient/src/BaseClient.hpp",
			"sourceTree": "SOURCE_ROOT"
		},
		"5AFADB3D-6CF5-4872-BDBE-188FB4E4E6C1": {
			"fileRef": "8E8A8F22-23DD-436E-953D-0FAB45A4402E",
			"isa": "PBXBuildFile"
		},
		"5B4FDCBA-DAA7-4D10-B925-19C94C081B9E": {
			"fileRef": "2041AF3E-E60D-4DE7-9CC5-89BD7B636E13",
			"isa": "PBXBuildFile"
		},
		"5C1B3465-99FE-419A-A379-96D1BF60B1CD": {
			"fileEncoding": "4",
			"isa": "PBXFileReference",
			"lastKnownFileType": "sourcecode.cpp.cpp",
			"name": "OscPrintReceivedElements.cpp",
			"path": "../../../addons/ofxOsc/libs/oscpack/src/osc/OscPrintReceivedElements.cpp",
			"sourceTree": "SOURCE_ROOT"
		},
		"5CA7162B-11E2-4829-819D-87AAD8383B71": {
			"fileEncoding": "4",
			"isa": "PBXFileReference",
			"lastKnownFileType": "sourcecode.cpp.h",
			"name": "GL_Measurement.h",
			"path": "../../../addons/ofxTimeMeasurements/src/GL_Measurement.h",
			"sourceTree": "SOURCE_ROOT"
		},
		"5D033B35-5B5C-4CD4-A4D8-D4D0D8DB1395": {
			"fileEncoding": "4",
			"isa": "PBXFileReference",
			"lastKnownFileType": "sourcecode.cpp.cpp",
			"name": "ofxOscBundle.cpp",
			"path": "../../../addons/ofxOsc/src/ofxOscBundle.cpp",
			"sourceTree": "SOURCE_ROOT"
		},
		"5D8B2FCA-917F-4DA6-BEB0-FFA59364F4F5": {
			"fileEncoding": "4",
			"isa": "PBXFileReference",
			"lastKnownFileType": "sourcecode.cpp.cpp",
			"name": "ofxBaseGui.cpp",
			"path": "../../../addons/ofxGui/src/ofxBaseGui.cpp",
			"sourceTree": "SOURCE_ROOT"
		},
		"5F1455AA-B014-438E-89AC-B5C1354F8AB5": {
			"fileRef": "5D8B2FCA-917F-4DA6-BEB0-FFA59364F4F5",
			"isa": "PBXBuildFile"
		},
		"5FA5CA13-6813-494E-8AAE-3247BED226F2": {
			"fileEncoding": "4",
			"isa": "PBXFileReference",
			"lastKnownFileType": "sourcecode.cpp.cpp",
			"name": "SpectrumPlots.cpp",
			"path": "../../../addons/ofxAudioData/src/SpectrumPlots.cpp",
			"sourceTree": "SOURCE_ROOT"
		},
		"60709BCC-5863-4B7B-BADC-1C39EDE9A20C": {
			"fileRef": "8E9DB724-62BE-4A19-BBFB-DB24BFEA4DF5",
			"isa": "PBXBuildFile"
		},
		"63FE6067-49C3-41FB-A0DC-8772018A7E17": {
			"fileEncoding": "4",
			"isa": "PBXFileReference",
			"lastKnownFileType": "sourcecode.cpp.cpp",
			"name": "ofxTimeMeasurements.cpp",
			"path": "../../../addons/ofxTimeMeasurements/src/ofxTimeMeasurements.cpp",
			"sourceTree": "SOURCE_ROOT"
		},
		"6510C46D-0D07-474D-8BE6-59F34C13D1E9": {
			"fileEncoding": "4",
			"isa": "PBXFileReference",
			"lastKnownFileType": "sourcecode.cpp.h",
			"name": "ofxTimeMeasurementsMacros.h",
			"path": "../../../addons/ofxTimeMeasurements/src/ofxTimeMeasurementsMacros.h",
			"sourceTree": "SOURCE_ROOT"
		},
		"65B7BE2E-3DEF-4845-AB2D-FE982E7D0DC7": {
			"fileRef": "45DA2D15-9428-4AFF-9EB4-6952ABC8DA92",
			"isa": "PBXBuildFile"
		},
		"6640A6DD-ADD4-43E5-8B27-11B8A6CD11D2": {
			"fileEncoding": "4",
			"isa": "PBXFileReference",
			"lastKnownFileType": "sourcecode.cpp.h",
			"name": "FluidSimulation.h",
			"path": "../../../addons/ofxRenderer/src/fluid/FluidSimulation.h",
			"sourceTree": "SOURCE_ROOT"
		},
		"6E0B10C4-55F6-43F7-8462-40E9A2848394": {
			"children": [
				"CA7F5964-260F-4933-B3DD-408ACADEB72F",
				"395E017C-D92B-4ADA-8E65-EE79CEE6BB13",
				"B0FD76A3-5B98-4692-87B2-8C4BABE208E6",
				"2A2CF0DC-9A74-4F44-82BE-3F3B15BC4484",
				"2A44DB28-CBD5-4489-B2B1-A406E5C287DB",
				"BBD5984E-5A9C-405D-92B3-1A2DB7806D94"
			],
			"isa": "PBXGroup",
			"name": "src",
			"sourceTree": "SOURCE_ROOT"
		},
		"6E8D36F4-8335-4049-9C4D-61B211DAFDC6": {
			"fileRef": "BCBBC122-7410-4897-A6FA-1F5B9EA05F09",
			"isa": "PBXBuildFile"
		},
		"6EB655CF-87D8-4A3A-9323-E02CE6F3A1DE": {
			"fileRef": "21D454A2-8417-4DEF-9E3B-170E18E81BBC",
			"isa": "PBXBuildFile"
		},
		"70B9ABAF-4D4F-44AF-8445-12EC2A9B6CC4": {
			"children": [
				"41527078-3CB9-4B39-938E-C04FEC2FD732"
			],
			"isa": "PBXGroup",
			"name": "libs",
			"sourceTree": "SOURCE_ROOT"
		},
		"71AFA749-816C-45EE-AB85-3F1A8B814ECF": {
			"fileRef": "8DCFA54D-2A03-47D1-B9C1-540AE02E65A3",
			"isa": "PBXBuildFile"
		},
		"71D39D1D-62E6-4AC8-93A8-10419D3BC385": {
			"fileRef": "F37B1334-1A47-4A52-AE3B-4A10C36ACEB2",
			"isa": "PBXBuildFile"
		},
		"748B1C13-BD4A-4F23-8666-BB0D9359DCE3": {
			"fileEncoding": "4",
			"isa": "PBXFileReference",
			"lastKnownFileType": "sourcecode.cpp.h",
			"name": "PacketListener.h",
			"path": "../../../addons/ofxOsc/libs/oscpack/src/ip/PacketListener.h",
			"sourceTree": "SOURCE_ROOT"
		},
		"750BD4D3-BE98-44D5-AEB6-EC2F6241F70D": {
			"fileRef": "043CFF8B-EE37-487D-8EC2-0693EC145927",
			"isa": "PBXBuildFile"
		},
		"755F2E7A-655E-43D5-A99D-291556DDC616": {
			"children": [
				"2A561761-D442-4129-B0F5-E14B1D801203"
			],
			"isa": "PBXGroup",
			"name": "ofxDividedArea",
			"sourceTree": "SOURCE_ROOT"
		},
		"776B15DA-B38B-440D-8D6C-79AAACC214D4": {
			"children": [
				"25232E19-3240-459E-9696-338372198532"
			],
			"isa": "PBXGroup",
			"name": "ofxHistoryPlot",
			"sourceTree": "SOURCE_ROOT"
		},
		"77A06FC8-8D6A-4339-8050-AB9C0DE27EA3": {
			"fileEncoding": "4",
			"isa": "PBXFileReference",
			"lastKnownFileType": "sourcecode.cpp.h",
			"name": "LiveClient.hpp",
			"path": "../../../addons/ofxAudioAnalysisClient/src/LiveClient.hpp",
			"sourceTree": "SOURCE_ROOT"
		},
		"78987F80-1A31-4A53-871F-1A4C4B5B99FC": {
			"fileEncoding": "4",
			"isa": "PBXFileReference",
			"lastKnownFileType": "sourcecode.cpp.h",
			"name": "AddImpulseSpotShader.h",
			"path": "../../../addons/ofxRenderer/src/fluid/AddImpulseSpotShader.h",
			"sourceTree": "SOURCE_ROOT"
		},
		"79C7DADE-97E9-4A3A-9C5F-71914949D178": {
			"fileRef": "B04FA109-37E3-4A34-A384-2711F9F722D5",
			"isa": "PBXBuildFile"
		},
		"7A16B805-C45C-46BA-8AE7-4FF012C63B41": {
			"fileEncoding": "4",
			"isa": "PBXFileReference",
			"lastKnownFileType": "sourcecode.cpp.cpp",
			"name": "ofxFFmpegRecorder.cpp",
			"path": "../../../addons/ofxFFmpegRecorder/src/ofxFFmpegRecorder.cpp",
			"sourceTree": "SOURCE_ROOT"
		},
		"7C0E8F05-AB4D-4F72-92F1-DEA762F68D11": {
			"fileRef": "8E00A1D7-904C-4FE2-9F18-1AD13F464709",
			"isa": "PBXBuildFile"
		},
		"8022958E-CC51-4AF8-8813-258D61A74224": {
			"fileRef": "5C1B3465-99FE-419A-A379-96D1BF60B1CD",
			"isa": "PBXBuildFile"
		},
		"80268CA5-A66B-4FB3-AB60-25CB5519FE31": {
			"fileRef": "B173DAA9-500B-4A90-8C7A-0CD8AFDB450C",
			"isa": "PBXBuildFile"
		},
		"83C7288F-1B10-4F63-BB78-14CC6A4D849C": {
			"children": [
				"5D8B2FCA-917F-4DA6-BEB0-FFA59364F4F5",
				"8E0A5737-760A-4D07-B16F-53C4D467F0D0",
				"B173DAA9-500B-4A90-8C7A-0CD8AFDB450C",
				"F406DA12-A2A8-4B7A-8AF5-FD3513BAAEFE",
				"8C026919-6B99-4554-8A06-E9DA9B1FA10F",
				"9E88A002-200B-4AE9-98A8-776D9A3C1F57",
				"555C4969-8141-4050-850A-4CA482216303",
				"BCBEE6D4-A69E-4277-8C49-3BB965AC526D",
				"BD03F513-FC74-4F15-A2F5-8AA2A6E6ECE0",
				"2309E2C2-CE22-4375-91D4-250340BC8B03",
				"B5CF2433-E759-4360-98B1-6AD4A249353A",
				"9AB4995D-898F-4B34-A454-38178401436D",
				"DE798B5F-969B-4D5D-B0B5-F198632221A3",
				"B640AEC5-395A-4166-B63D-2DA38F5426EE",
				"08E44A11-BD05-4103-9035-9A067FC0AE1B",
				"F528B48C-1DB5-47BD-A096-6FF3C68B7F6C",
				"2041AF3E-E60D-4DE7-9CC5-89BD7B636E13",
				"250989C3-ECEA-4BAD-9FDE-8912E94BA289",
				"0A682FEA-E7CA-4793-A0D6-EFDDD2FB0BD1",
				"54F56F21-C6D9-42D3-8781-A5638686CC89",
				"8DCFA54D-2A03-47D1-B9C1-540AE02E65A3",
				"F55D72AE-E044-4E64-B2E6-EC7D86C5F5B6"
			],
			"isa": "PBXGroup",
			"name": "src",
			"sourceTree": "SOURCE_ROOT"
		},
		"844A9D7C-BD23-412E-92B1-A2AC55253663": {
			"fileRef": "442E8A32-83DB-4462-B02C-CDBE407300B0",
			"isa": "PBXBuildFile"
		},
		"869E06B2-6891-4E79-8116-B0523FAF05D2": {
			"fileRef": "DE798B5F-969B-4D5D-B0B5-F198632221A3",
			"isa": "PBXBuildFile"
		},
		"89B383F9-3765-470C-8F31-3D8F8F9F6E9D": {
			"fileEncoding": "4",
			"isa": "PBXFileReference",
			"lastKnownFileType": "sourcecode.cpp.h",
			"name": "OscException.h",
			"path": "../../../addons/ofxOsc/libs/oscpack/src/osc/OscException.h",
			"sourceTree": "SOURCE_ROOT"
		},
		"8C026919-6B99-4554-8A06-E9DA9B1FA10F": {
			"fileEncoding": "4",
			"isa": "PBXFileReference",
			"lastKnownFileType": "sourcecode.cpp.cpp",
			"name": "ofxColorPicker.cpp",
			"path": "../../../addons/ofxGui/src/ofxColorPicker.cpp",
			"sourceTree": "SOURCE_ROOT"
		},
		"8DCFA54D-2A03-47D1-B9C1-540AE02E65A3": {
			"fileEncoding": "4",
			"isa": "PBXFileReference",
			"lastKnownFileType": "sourcecode.cpp.cpp",
			"name": "ofxToggle.cpp",
			"path": "../../../addons/ofxGui/src/ofxToggle.cpp",
			"sourceTree": "SOURCE_ROOT"
		},
		"8E00A1D7-904C-4FE2-9F18-1AD13F464709": {
			"fileEncoding": "4",
			"isa": "PBXFileReference",
			"lastKnownFileType": "sourcecode.cpp.cpp",
			"name": "ofxOscSender.cpp",
			"path": "../../../addons/ofxOsc/src/ofxOscSender.cpp",
			"sourceTree": "SOURCE_ROOT"
		},
		"8E0A5737-760A-4D07-B16F-53C4D467F0D0": {
			"fileEncoding": "4",
			"isa": "PBXFileReference",
			"lastKnownFileType": "sourcecode.cpp.h",
			"name": "ofxBaseGui.h",
			"path": "../../../addons/ofxGui/src/ofxBaseGui.h",
			"sourceTree": "SOURCE_ROOT"
		},
		"8E8A8F22-23DD-436E-953D-0FAB45A4402E": {
			"fileEncoding": "4",
			"isa": "PBXFileReference",
			"lastKnownFileType": "sourcecode.cpp.cpp",
			"name": "ofxNetworkUtils.cpp",
			"path": "../../../addons/ofxNetwork/src/ofxNetworkUtils.cpp",
			"sourceTree": "SOURCE_ROOT"
		},
		"8E9DB724-62BE-4A19-BBFB-DB24BFEA4DF5": {
			"fileEncoding": "4",
			"isa": "PBXFileReference",
			"lastKnownFileType": "sourcecode.cpp.cpp",
			"name": "Plots.cpp",
			"path": "../../../addons/ofxAudioData/src/Plots.cpp",
			"sourceTree": "SOURCE_ROOT"
		},
		"8F68F000-C4AC-4DC2-B7B4-9E6076F138BD": {
			"children": [
				"ED221766-D86C-417A-9A75-CF1EF24D8B12"
			],
			"isa": "PBXGroup",
			"name": "ofxAudioAnalysisClient",
			"sourceTree": "SOURCE_ROOT"
		},
		"9076B04D-F096-4EB0-ABEC-1A5109AC0D01": {
			"fileRef": "4F5613AF-ECFB-42F9-8157-95506E053D72",
			"isa": "PBXBuildFile"
		},
		"908D1648-5D8A-4548-800A-EE7A9032F254": {
			"fileRef": "5FA5CA13-6813-494E-8AAE-3247BED226F2",
			"isa": "PBXBuildFile"
		},
		"90EB503B-B04B-4F4B-A571-1DF3321BA27A": {
			"fileEncoding": "4",
			"isa": "PBXFileReference",
			"lastKnownFileType": "sourcecode.cpp.h",
			"name": "ofxAudioData.h",
			"path": "../../../addons/ofxAudioData/src/ofxAudioData.h",
			"sourceTree": "SOURCE_ROOT"
		},
		"91155EA7-5DF6-4032-A32B-3802A717B155": {
			"fileEncoding": "4",
			"isa": "PBXFileReference",
			"lastKnownFileType": "sourcecode.cpp.h",
			"name": "OscHostEndianness.h",
			"path": "../../../addons/ofxOsc/libs/oscpack/src/osc/OscHostEndianness.h",
			"sourceTree": "SOURCE_ROOT"
		},
		"924A2D02-7B7F-421E-92D8-4DAD642AAF8C": {
			"fileEncoding": "4",
			"isa": "PBXFileReference",
			"lastKnownFileType": "sourcecode.cpp.cpp",
			"name": "MinimalTree.cpp",
			"path": "../../../addons/ofxTimeMeasurements/src/MinimalTree.cpp",
			"sourceTree": "SOURCE_ROOT"
		},
		"95E4E600-E131-46D8-B07E-6C69722B9B23": {
			"fileEncoding": "4",
			"isa": "PBXFileReference",
			"lastKnownFileType": "sourcecode.cpp.h",
			"name": "LogisticFnShader.h",
			"path": "../../../addons/ofxRenderer/src/shaders/LogisticFnShader.h",
			"sourceTree": "SOURCE_ROOT"
		},
		"9829AA0A-76B8-4E85-80BD-368ECA2158C7": {
			"fileEncoding": "4",
			"isa": "PBXFileReference",
			"lastKnownFileType": "sourcecode.cpp.h",
			"name": "ofxOscReceiver.h",
			"path": "../../../addons/ofxOsc/src/ofxOscReceiver.h",
			"sourceTree": "SOURCE_ROOT"
		},
		"993B0A09-31AB-417A-8E99-79700146C664": {
			"children": [
				"8E9DB724-62BE-4A19-BBFB-DB24BFEA4DF5",
				"347F69D7-03D6-424A-92C5-86B24FE914E4",
				"21D454A2-8417-4DEF-9E3B-170E18E81BBC",
				"55FFEFA5-4DE8-4019-A414-DD6D0B153D71",
				"5FA5CA13-6813-494E-8AAE-3247BED226F2",
				"26EE2B39-1D93-44B1-BF5D-B9443FE9E1EF",
				"90EB503B-B04B-4F4B-A571-1DF3321BA27A"
			],
			"isa": "PBXGroup",
			"name": "src",
			"sourceTree": "SOURCE_ROOT"
		},
		"99F225F6-ADED-461C-B2F1-636620921F3C": {
			"fileRef": "5D033B35-5B5C-4CD4-A4D8-D4D0D8DB1395",
			"isa": "PBXBuildFile"
		},
		"9AB4995D-898F-4B34-A454-38178401436D": {
			"fileEncoding": "4",
			"isa": "PBXFileReference",
			"lastKnownFileType": "sourcecode.cpp.h",
			"name": "ofxInputField.h",
			"path": "../../../addons/ofxGui/src/ofxInputField.h",
			"sourceTree": "SOURCE_ROOT"
		},
		"9ADE13F8-C4BF-470F-ADAC-1466A4F1D99B": {
			"fileEncoding": "4",
			"isa": "PBXFileReference",
			"lastKnownFileType": "sourcecode.cpp.h",
			"name": "GaussianYBlurShader.h",
			"path": "../../../addons/ofxRenderer/src/shaders/GaussianYBlurShader.h",
			"sourceTree": "SOURCE_ROOT"
		},
		"9AFC483B-BB23-4DFC-8D58-F719E2A93DCA": {
			"fileRef": "4B785D0D-843C-464A-ABBF-7C3F0A1FB833",
			"isa": "PBXBuildFile"
		},
		"9D0E65B6-D3FE-46D0-BAB4-6C14ACA7BC54": {
			"fileEncoding": "4",
			"isa": "PBXFileReference",
			"lastKnownFileType": "sourcecode.cpp.h",
			"name": "ofxTimeMeasurementsScoped.h",
			"path": "../../../addons/ofxTimeMeasurements/src/ofxTimeMeasurementsScoped.h",
			"sourceTree": "SOURCE_ROOT"
		},
		"9E88A002-200B-4AE9-98A8-776D9A3C1F57": {
			"fileEncoding": "4",
			"isa": "PBXFileReference",
			"lastKnownFileType": "sourcecode.cpp.h",
			"name": "ofxColorPicker.h",
			"path": "../../../addons/ofxGui/src/ofxColorPicker.h",
			"sourceTree": "SOURCE_ROOT"
		},
		"A1F2E055-B6A5-4F0D-824A-4508B3AB5240": {
			"fileEncoding": "4",
			"isa": "PBXFileReference",
			"lastKnownFileType": "sourcecode.cpp.h",
			"name": "OscReceivedElements.h",
			"path": "../../../addons/ofxOsc/libs/oscpack/src/osc/OscReceivedElements.h",
			"sourceTree": "SOURCE_ROOT"
		},
		"A1F9DF15-C364-4590-9999-6CE5377B2E30": {
			"fileRef": "924A2D02-7B7F-421E-92D8-4DAD642AAF8C",
			"isa": "PBXBuildFile"
		},
		"A4191DB8-CEC2-4096-8468-43B639110375": {
			"fileEncoding": "4",
			"isa": "PBXFileReference",
			"lastKnownFileType": "sourcecode.cpp.h",
			"name": "Constants.h",
			"path": "src/Constants.h",
			"sourceTree": "SOURCE_ROOT"
		},
		"A9EBA208-EB4D-4E7F-91E2-4CB872625347": {
			"fileEncoding": "4",
			"isa": "PBXFileReference",
			"lastKnownFileType": "sourcecode.cpp.cpp",
			"name": "ofxUDPManager.cpp",
			"path": "../../../addons/ofxNetwork/src/ofxUDPManager.cpp",
			"sourceTree": "SOURCE_ROOT"
		},
		"A9EC08D6-7A88-4BE9-A5AA-939EFD96498C": {
			"fileRef": "C7875569-7AC9-401D-B4C0-CD4E143F241F",
			"isa": "PBXBuildFile"
		},
		"ABDF738F-F4AF-4C20-968A-3DA9F874E5A4": {
			"children": [
				"D845A652-C44A-4A40-9348-BAF2CB43E740"
			],
			"isa": "PBXGroup",
			"name": "ofxIntrospector",
			"sourceTree": "SOURCE_ROOT"
		},
		"ABFDF811-B713-4A17-840B-5D86B227DBC7": {
			"fileRef": "B5CF2433-E759-4360-98B1-6AD4A249353A",
			"isa": "PBXBuildFile"
		},
		"AED75692-BEDF-480F-B5D2-C547F1607BC4": {
			"fileRef": "E252CFD7-2C54-4112-99C4-07F2F49A8009",
			"isa": "PBXBuildFile"
		},
		"B04FA109-37E3-4A34-A384-2711F9F722D5": {
			"fileEncoding": "4",
			"isa": "PBXFileReference",
			"lastKnownFileType": "sourcecode.cpp.cpp",
			"name": "IpEndpointName.cpp",
			"path": "../../../addons/ofxOsc/libs/oscpack/src/ip/IpEndpointName.cpp",
			"sourceTree": "SOURCE_ROOT"
		},
		"B0FD76A3-5B98-4692-87B2-8C4BABE208E6": {
			"fileEncoding": "4",
			"isa": "PBXFileReference",
			"lastKnownFileType": "sourcecode.cpp.h",
			"name": "Renderer.h",
			"path": "../../../addons/ofxRenderer/src/Renderer.h",
			"sourceTree": "SOURCE_ROOT"
		},
		"B173DAA9-500B-4A90-8C7A-0CD8AFDB450C": {
			"fileEncoding": "4",
			"isa": "PBXFileReference",
			"lastKnownFileType": "sourcecode.cpp.cpp",
			"name": "ofxButton.cpp",
			"path": "../../../addons/ofxGui/src/ofxButton.cpp",
			"sourceTree": "SOURCE_ROOT"
		},
		"B2376AC7-0158-4514-96C2-A6D8DC103B11": {
			"fileEncoding": "4",
			"isa": "PBXFileReference",
			"lastKnownFileType": "sourcecode.cpp.h",
			"name": "OscPacketListener.h",
			"path": "../../../addons/ofxOsc/libs/oscpack/src/osc/OscPacketListener.h",
			"sourceTree": "SOURCE_ROOT"
		},
		"B395779D-85BF-4669-A0A7-AE43A6224B21": {
			"fileEncoding": "4",
			"isa": "PBXFileReference",
			"lastKnownFileType": "sourcecode.cpp.h",
			"name": "GaussianXBlurShader.h",
			"path": "../../../addons/ofxRenderer/src/shaders/GaussianXBlurShader.h",
			"sourceTree": "SOURCE_ROOT"
		},
		"B4183937-1331-453A-AE91-06DA11E18335": {
			"fileEncoding": "4",
			"isa": "PBXFileReference",
			"lastKnownFileType": "sourcecode.cpp.h",
			"name": "NetworkingUtils.h",
			"path": "../../../addons/ofxOsc/libs/oscpack/src/ip/NetworkingUtils.h",
			"sourceTree": "SOURCE_ROOT"
		},
		"B5CF2433-E759-4360-98B1-6AD4A249353A": {
			"fileEncoding": "4",
			"isa": "PBXFileReference",
			"lastKnownFileType": "sourcecode.cpp.cpp",
			"name": "ofxInputField.cpp",
			"path": "../../../addons/ofxGui/src/ofxInputField.cpp",
			"sourceTree": "SOURCE_ROOT"
		},
		"B640AEC5-395A-4166-B63D-2DA38F5426EE": {
			"fileEncoding": "4",
			"isa": "PBXFileReference",
			"lastKnownFileType": "sourcecode.cpp.h",
			"name": "ofxLabel.h",
			"path": "../../../addons/ofxGui/src/ofxLabel.h",
			"sourceTree": "SOURCE_ROOT"
		},
		"B91760BC-DF06-4E1B-9AD1-DB5A7572AF4F": {
			"fileEncoding": "4",
			"isa": "PBXFileReference",
			"lastKnownFileType": "sourcecode.cpp.h",
			"name": "ApplyVorticityForceShader.h",
			"path": "../../../addons/ofxRenderer/src/fluid/ApplyVorticityForceShader.h",
			"sourceTree": "SOURCE_ROOT"
		},
		"BB4B014C10F69532006C3DED": {
			"children": [
				"52387F70-F601-41FC-B119-A1D32E5EAFE0",
				"3C78EA1C-3423-414F-B401-C6B421C8C788",
				"776B15DA-B38B-440D-8D6C-79AAACC214D4",
				"8F68F000-C4AC-4DC2-B7B4-9E6076F138BD",
				"036B9F7C-2741-489F-9D24-F13522DE260F",
				"755F2E7A-655E-43D5-A99D-291556DDC616",
				"1B4C29AF-8B56-4B5E-ABD7-2D0261882436",
				"47B3FC5A-732F-48FC-A684-126ED44F8D6F",
				"ABDF738F-F4AF-4C20-968A-3DA9F874E5A4",
				"25BD983B-5D97-4C93-82B8-9DFF2D962498",
				"CB9B8983-3E1B-4A6D-81F3-4F8DCC0284C9",
				"3AD43F17-C216-4B4A-9A82-787AABA3B757"
			],
			"isa": "PBXGroup",
			"name": "addons",
			"path": "../../../addons",
			"sourceTree": "SOURCE_ROOT"
		},
		"BB7D28F3-DE95-4E8A-80C7-3AC1BEDA7F28": {
			"fileRef": "7A16B805-C45C-46BA-8AE7-4FF012C63B41",
			"isa": "PBXBuildFile"
		},
		"BBD5984E-5A9C-405D-92B3-1A2DB7806D94": {
			"children": [
				"2E1EAF71-8AAE-4F36-AC09-1B1CB482FA2A",
				"B395779D-85BF-4669-A0A7-AE43A6224B21",
				"9ADE13F8-C4BF-470F-ADAC-1466A4F1D99B",
				"95E4E600-E131-46D8-B07E-6C69722B9B23",
				"CA44B10C-AC23-460C-AF60-8FCED814A8FB",
				"22E5000C-B639-4F6E-A36A-34C5C734B746",
				"253C765A-3A3E-46AB-9AD2-C82CF0878A6F",
				"2CFC96D2-22E7-4A9D-A718-B57A5D93BA35"
			],
			"isa": "PBXGroup",
			"name": "shaders",
			"sourceTree": "SOURCE_ROOT"
		},
		"BCBBC122-7410-4897-A6FA-1F5B9EA05F09": {
			"fileEncoding": "4",
			"isa": "PBXFileReference",
			"lastKnownFileType": "sourcecode.cpp.cpp",
			"name": "ofxTCPManager.cpp",
			"path": "../../../addons/ofxNetwork/src/ofxTCPManager.cpp",
			"sourceTree": "SOURCE_ROOT"
		},
		"BCBEE6D4-A69E-4277-8C49-3BB965AC526D": {
			"fileEncoding": "4",
			"isa": "PBXFileReference",
			"lastKnownFileType": "sourcecode.cpp.cpp",
			"name": "ofxGuiGroup.cpp",
			"path": "../../../addons/ofxGui/src/ofxGuiGroup.cpp",
			"sourceTree": "SOURCE_ROOT"
		},
		"BD03F513-FC74-4F15-A2F5-8AA2A6E6ECE0": {
			"fileEncoding": "4",
			"isa": "PBXFileReference",
			"lastKnownFileType": "sourcecode.cpp.h",
			"name": "ofxGuiGroup.h",
			"path": "../../../addons/ofxGui/src/ofxGuiGroup.h",
			"sourceTree": "SOURCE_ROOT"
		},
		"C69C0BE8-F07B-4084-B144-DE153AFE99D5": {
			"fileRef": "463A5004-0A4C-4CD8-81AD-ACAE05698E13",
			"isa": "PBXBuildFile"
		},
		"C7875569-7AC9-401D-B4C0-CD4E143F241F": {
			"fileEncoding": "4",
			"isa": "PBXFileReference",
			"lastKnownFileType": "sourcecode.cpp.cpp",
			"name": "ofxDividedArea.cpp",
			"path": "../../../addons/ofxDividedArea/src/ofxDividedArea.cpp",
			"sourceTree": "SOURCE_ROOT"
		},
		"C7E16E5D-344D-4F02-ABDA-4168791BB79B": {
			"fileEncoding": "4",
			"isa": "PBXFileReference",
			"lastKnownFileType": "sourcecode.cpp.h",
			"name": "OscOutboundPacketStream.h",
			"path": "../../../addons/ofxOsc/libs/oscpack/src/osc/OscOutboundPacketStream.h",
			"sourceTree": "SOURCE_ROOT"
		},
		"CA44B10C-AC23-460C-AF60-8FCED814A8FB": {
			"fileEncoding": "4",
			"isa": "PBXFileReference",
			"lastKnownFileType": "sourcecode.cpp.h",
			"name": "MaskShader.h",
			"path": "../../../addons/ofxRenderer/src/shaders/MaskShader.h",
			"sourceTree": "SOURCE_ROOT"
		},
		"CA7F5964-260F-4933-B3DD-408ACADEB72F": {
			"fileEncoding": "4",
			"isa": "PBXFileReference",
			"lastKnownFileType": "sourcecode.cpp.h",
			"name": "PingPongFbo.h",
			"path": "../../../addons/ofxRenderer/src/PingPongFbo.h",
			"sourceTree": "SOURCE_ROOT"
		},
		"CABDF793-10D9-43E1-9B2B-5FB0ACAE77B0": {
			"fileRef": "F2265921-8B15-4DD7-966F-0692C2175BBA",
			"isa": "PBXBuildFile"
		},
		"CB9B8983-3E1B-4A6D-81F3-4F8DCC0284C9": {
			"children": [
				"E2921886-AB68-437D-971F-655550729C3C"
			],
			"isa": "PBXGroup",
			"name": "ofxSelfOrganizingMap",
			"sourceTree": "SOURCE_ROOT"
		},
		"CDEC196F-2781-4AE7-AD8B-9D5C169916E3": {
			"fileEncoding": "4",
			"isa": "PBXFileReference",
			"lastKnownFileType": "sourcecode.cpp.h",
			"name": "ofxOscParameterSync.h",
			"path": "../../../addons/ofxOsc/src/ofxOscParameterSync.h",
			"sourceTree": "SOURCE_ROOT"
		},
		"CE4607DC-836D-4A36-A489-6EC271ED911F": {
			"fileEncoding": "4",
			"isa": "PBXFileReference",
			"lastKnownFileType": "sourcecode.cpp.h",
			"name": "ofxOscMessage.h",
			"path": "../../../addons/ofxOsc/src/ofxOscMessage.h",
			"sourceTree": "SOURCE_ROOT"
		},
		"CE4EC102-0462-400D-8879-95CB51DF6E59": {
			"children": [
				"0B7A17A0-B4EF-4860-B60E-E70EE47F8538",
				"8E8A8F22-23DD-436E-953D-0FAB45A4402E",
				"11B2A8D1-4F3F-4ACC-B2E0-8BBE8B9D09A5",
				"F7B24837-D29E-4382-9AC6-C6AB64D47462",
				"0551A74E-AC83-4D5B-A63A-81137958C08B",
				"BCBBC122-7410-4897-A6FA-1F5B9EA05F09",
				"2CDF5BCE-6E97-4789-916B-52A3AC384C42",
				"495A4A7A-6468-4093-951C-2C7670DEF83D",
				"4C2C52EC-A0FB-4496-94DA-94A4CAAF934C",
				"D8F80523-54F6-477A-8E41-136A3121A9DA",
				"A9EBA208-EB4D-4E7F-91E2-4CB872625347",
				"0236BF31-E967-4A0E-8D30-7DE263E9CBE3",
				"298A6FCA-32DD-4D04-A6F3-BA341674AD17"
			],
			"isa": "PBXGroup",
			"name": "src",
			"sourceTree": "SOURCE_ROOT"
		},
		"D229C5DD-4502-43EA-9272-DE76D632E4B9": {
			"fileEncoding": "4",
			"isa": "PBXFileReference",
			"lastKnownFileType": "sourcecode.cpp.h",
			"name": "ofxHistoryPlot.h",
			"path": "../../../addons/ofxHistoryPlot/src/ofxHistoryPlot.h",
			"sourceTree": "SOURCE_ROOT"
		},
		"D29F42A8-50FE-4CD8-A675-FAF6BF704BC3": {
			"fileRef": "327C4113-31B4-4791-AF29-330C98D49E41",
			"isa": "PBXBuildFile"
		},
		"D323AA36-3A4A-4EEE-B15E-75A2ABF62FC7": {
			"fileEncoding": "4",
			"isa": "PBXFileReference",
			"lastKnownFileType": "sourcecode.cpp.h",
			"name": "ApplyBouyancyShader.h",
			"path": "../../../addons/ofxRenderer/src/fluid/ApplyBouyancyShader.h",
			"sourceTree": "SOURCE_ROOT"
		},
		"D711E8EB-C602-4ED3-BA78-04CA566AE862": {
			"fileEncoding": "4",
			"isa": "PBXFileReference",
			"lastKnownFileType": "sourcecode.cpp.h",
			"name": "MessageMappingOscPacketListener.h",
			"path": "../../../addons/ofxOsc/libs/oscpack/src/osc/MessageMappingOscPacketListener.h",
			"sourceTree": "SOURCE_ROOT"
		},
		"D845A652-C44A-4A40-9348-BAF2CB43E740": {
			"children": [
				"EF0BCCC0-A0CB-4A3E-BDA5-E8F9647C5E89",
				"3551A31B-E425-46B2-87F0-C99B2325B26C"
			],
			"isa": "PBXGroup",
			"name": "src",
			"sourceTree": "SOURCE_ROOT"
		},
		"D8F80523-54F6-477A-8E41-136A3121A9DA": {
			"fileEncoding": "4",
			"isa": "PBXFileReference",
			"lastKnownFileType": "sourcecode.cpp.h",
			"name": "ofxTCPSettings.h",
			"path": "../../../addons/ofxNetwork/src/ofxTCPSettings.h",
			"sourceTree": "SOURCE_ROOT"
		},
		"DE798B5F-969B-4D5D-B0B5-F198632221A3": {
			"fileEncoding": "4",
			"isa": "PBXFileReference",
			"lastKnownFileType": "sourcecode.cpp.cpp",
			"name": "ofxLabel.cpp",
			"path": "../../../addons/ofxGui/src/ofxLabel.cpp",
			"sourceTree": "SOURCE_ROOT"
		},
		"E1DB1E8E-6B1E-477D-A1DB-89EACAA1B526": {
			"fileEncoding": "4",
			"isa": "PBXFileReference",
			"lastKnownFileType": "sourcecode.cpp.h",
			"name": "dkm.hpp",
			"path": "src/dkm.hpp",
			"sourceTree": "SOURCE_ROOT"
		},
		"E20CDB33-5ACE-4C92-BEB7-DB162BE76D0A": {
			"fileEncoding": "4",
			"isa": "PBXFileReference",
			"lastKnownFileType": "sourcecode.cpp.h",
			"name": "VorticityRenderer.h",
			"path": "../../../addons/ofxRenderer/src/fluid/VorticityRenderer.h",
			"sourceTree": "SOURCE_ROOT"
		},
		"E252CFD7-2C54-4112-99C4-07F2F49A8009": {
			"fileEncoding": "4",
			"isa": "PBXFileReference",
			"lastKnownFileType": "sourcecode.cpp.cpp",
			"name": "ofxOscReceiver.cpp",
			"path": "../../../addons/ofxOsc/src/ofxOscReceiver.cpp",
			"sourceTree": "SOURCE_ROOT"
		},
		"E2921886-AB68-437D-971F-655550729C3C": {
			"children": [
				"2BE9259F-BD76-4EB0-A2CC-EA9E005E1FF8",
				"1848FEC8-7E5C-4E55-9B57-541D32E91474"
			],
			"isa": "PBXGroup",
			"name": "src",
			"sourceTree": "SOURCE_ROOT"
		},
		"E3C2BD4D-3068-472D-BE92-9AD6C5CA8C65": {
			"fileEncoding": "4",
			"isa": "PBXFileReference",
			"lastKnownFileType": "sourcecode.cpp.h",
			"name": "ofxOscBundle.h",
			"path": "../../../addons/ofxOsc/src/ofxOscBundle.h",
			"sourceTree": "SOURCE_ROOT"
		},
		"E42962A92163ECCD00A6A9E2": {
			"alwaysOutOfDate": "1",
			"buildActionMask": "2147483647",
			"files": [],
			"inputPaths": [],
			"isa": "PBXShellScriptBuildPhase",
			"name": "Run Script — Compile OF",
			"outputPaths": [],
			"runOnlyForDeploymentPostprocessing": "0",
			"shellPath": "/bin/sh",
			"shellScript": "echo \"💾 Compiling Openframeworks\"\nxcodebuild -project \"$OF_PATH/libs/openFrameworksCompiled/project/osx/openFrameworksLib.xcodeproj\" -target openFrameworks -configuration \"${CONFIGURATION}\"  CLANG_CXX_LANGUAGE_STANDARD=$CLANG_CXX_LANGUAGE_STANDARD MACOSX_DEPLOYMENT_TARGET=$MACOSX_DEPLOYMENT_TARGET GCC_PREPROCESSOR_DEFINITIONS='$USER_PREPROCESSOR_DEFINITIONS'\n",
			"showEnvVarsInLog": "0"
		},
		"E4A5B60F29BAAAE400C2D356": {
			"buildActionMask": "2147483647",
			"dstPath": "",
			"dstSubfolderSpec": "6",
			"files": [],
			"isa": "PBXCopyFilesBuildPhase",
			"runOnlyForDeploymentPostprocessing": "0"
		},
		"E4B69B4A0A3A1720003C02F2": {
			"children": [
				"191CD6FA2847E21E0085CBB6",
				"E4B6FCAD0C3E899E008CF71C",
				"E4EB6923138AFD0F00A09F29",
				"E4B69E1C0A3A1BDC003C02F2",
				"191EF70929D778A400F35F26",
				"BB4B014C10F69532006C3DED",
				"E4B69B5B0A3A1756003C02F2",
				"1C84E1B7-55C6-4A17-AA77-2477A1F62E08"
			],
			"isa": "PBXGroup",
			"sourceTree": "<group>"
		},
		"E4B69B4C0A3A1720003C02F2": {
			"attributes": {
				"BuildIndependentTargetsInParallel": "YES",
				"LastUpgradeCheck": "1540"
			},
			"buildConfigurationList": "E4B69B4D0A3A1720003C02F2",
			"compatibilityVersion": "Xcode 3.2",
			"developmentRegion": "en",
			"hasScannedForEncodings": "0",
			"isa": "PBXProject",
			"knownRegions": [
				"en",
				"Base"
			],
			"mainGroup": "E4B69B4A0A3A1720003C02F2",
			"productRefGroup": "E4B69B4A0A3A1720003C02F2",
			"projectDirPath": "",
			"projectRoot": "",
			"targets": [
				"E4B69B5A0A3A1756003C02F2"
			]
		},
		"E4B69B4D0A3A1720003C02F2": {
			"buildConfigurations": [
				"E4B69B4E0A3A1720003C02F2",
				"E4B69B4F0A3A1720003C02F2"
			],
			"defaultConfigurationIsVisible": "0",
			"defaultConfigurationName": "Release",
			"isa": "XCConfigurationList"
		},
		"E4B69B4E0A3A1720003C02F2": {
			"baseConfigurationReference": "E4EB6923138AFD0F00A09F29",
			"buildSettings": {
				"CODE_SIGN_ENTITLEMENTS": "of.entitlements",
				"COPY_PHASE_STRIP": "NO",
				"ENABLE_TESTABILITY": "YES",
				"GCC_OPTIMIZATION_LEVEL": "0",
				"GCC_WARN_UNUSED_VARIABLE": "NO",
				"HEADER_SEARCH_PATHS": [
					"$(OF_CORE_HEADERS)",
					"src"
				],
				"OTHER_CPLUSPLUSFLAGS": "-D__MACOSX_CORE__"
			},
			"isa": "XCBuildConfiguration",
			"name": "Debug"
		},
		"E4B69B4F0A3A1720003C02F2": {
			"baseConfigurationReference": "E4EB6923138AFD0F00A09F29",
			"buildSettings": {
				"CODE_SIGN_ENTITLEMENTS": "of.entitlements",
				"COPY_PHASE_STRIP": "YES",
				"GCC_OPTIMIZATION_LEVEL": "3",
				"GCC_UNROLL_LOOPS": "YES",
				"HEADER_SEARCH_PATHS": [
					"$(OF_CORE_HEADERS)",
					"src"
				],
				"OTHER_CPLUSPLUSFLAGS": "-D__MACOSX_CORE__"
			},
			"isa": "XCBuildConfiguration",
			"name": "Release"
		},
		"E4B69B580A3A1756003C02F2": {
			"buildActionMask": "2147483647",
			"files": [
				"E4B69E200A3A1BDC003C02F2",
				"E4B69E210A3A1BDC003C02F2",
				"5AFADB3D-6CF5-4872-BDBE-188FB4E4E6C1",
				"F282FB08-0803-4D7A-87CF-6465673F5E98",
				"6E8D36F4-8335-4049-9C4D-61B211DAFDC6",
				"41E2B94A-4F86-4AE5-81D2-A37C5307540E",
				"2B8E0F5E-475B-4EBE-AF4B-3866F512ABBD",
				"79C7DADE-97E9-4A3A-9C5F-71914949D178",
				"844A9D7C-BD23-412E-92B1-A2AC55253663",
				"65B7BE2E-3DEF-4845-AB2D-FE982E7D0DC7",
				"2B325923-AB7E-47B2-9719-C8B10696E83D",
				"8022958E-CC51-4AF8-8813-258D61A74224",
				"9AFC483B-BB23-4DFC-8D58-F719E2A93DCA",
				"48EC03E0-F30B-441E-925B-04AD7D501546",
				"99F225F6-ADED-461C-B2F1-636620921F3C",
				"750BD4D3-BE98-44D5-AEB6-EC2F6241F70D",
				"9076B04D-F096-4EB0-ABEC-1A5109AC0D01",
				"AED75692-BEDF-480F-B5D2-C547F1607BC4",
				"7C0E8F05-AB4D-4F72-92F1-DEA762F68D11",
				"71D39D1D-62E6-4AC8-93A8-10419D3BC385",
				"CABDF793-10D9-43E1-9B2B-5FB0ACAE77B0",
				"D29F42A8-50FE-4CD8-A675-FAF6BF704BC3",
				"C69C0BE8-F07B-4084-B144-DE153AFE99D5",
				"60709BCC-5863-4B7B-BADC-1C39EDE9A20C",
				"6EB655CF-87D8-4A3A-9323-E02CE6F3A1DE",
				"908D1648-5D8A-4548-800A-EE7A9032F254",
				"A9EC08D6-7A88-4BE9-A5AA-939EFD96498C",
				"BB7D28F3-DE95-4E8A-80C7-3AC1BEDA7F28",
				"5F1455AA-B014-438E-89AC-B5C1354F8AB5",
				"80268CA5-A66B-4FB3-AB60-25CB5519FE31",
				"30F301B4-E2DE-43BB-8226-E1BCC2E6C53E",
				"566BB79B-7D3D-45F7-88F5-527FA74CC823",
				"ABFDF811-B713-4A17-840B-5D86B227DBC7",
				"869E06B2-6891-4E79-8116-B0523FAF05D2",
				"3AC7015C-2669-45AE-BB37-40694F9F54E8",
				"5B4FDCBA-DAA7-4D10-B925-19C94C081B9E",
				"EE9A05B1-7594-4481-BC8D-39D66F109A98",
				"71AFA749-816C-45EE-AB85-3F1A8B814ECF",
				"1016CAC7-E920-409D-8768-73026EC730D9",
				"2305CF63-9E57-406D-86D0-0C747FB0AC04",
				"A1F9DF15-C364-4590-9999-6CE5377B2E30",
				"18D7DA6C-FF65-4E32-8205-67FE57ACCE08",
				"35111F21-0F63-4255-8528-4DD028D09FBE"
			],
			"isa": "PBXSourcesBuildPhase",
			"runOnlyForDeploymentPostprocessing": "0"
		},
		"E4B69B590A3A1756003C02F2": {
			"buildActionMask": "2147483647",
			"files": [],
			"isa": "PBXFrameworksBuildPhase",
			"runOnlyForDeploymentPostprocessing": "0"
		},
		"E4B69B5A0A3A1756003C02F2": {
			"buildConfigurationList": "E4B69B5F0A3A1757003C02F2",
			"buildPhases": [
				"E42962A92163ECCD00A6A9E2",
				"E4B69B580A3A1756003C02F2",
				"E4B69B590A3A1756003C02F2",
				"E4C2427710CC5ABF004149E2",
				"E4A5B60F29BAAAE400C2D356",
				"19B789C429E5AB4A0082E9B8"
			],
			"buildRules": [],
			"dependencies": [],
			"isa": "PBXNativeTarget",
			"name": "bells3",
			"productName": "myOFApp",
			"productReference": "E4B69B5B0A3A1756003C02F2",
			"productType": "com.apple.product-type.application"
		},
		"E4B69B5B0A3A1756003C02F2": {
			"explicitFileType": "wrapper.application",
			"includeInIndex": "0",
			"isa": "PBXFileReference",
			"path": "bells3Debug.app",
			"sourceTree": "BUILT_PRODUCTS_DIR"
		},
		"E4B69B5F0A3A1757003C02F2": {
			"buildConfigurations": [
				"E4B69B600A3A1757003C02F2",
				"E4B69B610A3A1757003C02F2"
			],
			"defaultConfigurationIsVisible": "0",
			"defaultConfigurationName": "Release",
			"isa": "XCConfigurationList"
		},
		"E4B69B600A3A1757003C02F2": {
			"baseConfigurationReference": "E4EB6923138AFD0F00A09F29",
			"buildSettings": {
				"ARCHS": "$(ARCHS_STANDARD)",
				"COPY_PHASE_STRIP": "NO",
				"FRAMEWORK_SEARCH_PATHS": "$(inherited)",
				"GCC_DYNAMIC_NO_PIC": "NO",
				"GCC_PREPROCESSOR_DEFINITIONS": [
					"USE_OFX_HISTORYPLOT"
				],
				"HEADER_SEARCH_PATHS": [
					"$(OF_CORE_HEADERS)",
					"src",
					"src",
					"../../../addons/ofxNetwork/src",
					"../../../addons/ofxOsc/libs",
					"../../../addons/ofxOsc/libs/oscpack",
					"../../../addons/ofxOsc/libs/oscpack/src",
					"../../../addons/ofxOsc/libs/oscpack/src/ip",
					"../../../addons/ofxOsc/libs/oscpack/src/ip/posix",
					"../../../addons/ofxOsc/libs/oscpack/src/osc",
					"../../../addons/ofxOsc/src",
					"../../../addons/ofxHistoryPlot/src",
					"../../../addons/ofxAudioAnalysisClient/libs",
					"../../../addons/ofxAudioAnalysisClient/src",
					"../../../addons/ofxAudioData/libs",
					"../../../addons/ofxAudioData/src",
					"../../../addons/ofxDividedArea/src",
					"../../../addons/ofxFFmpegRecorder/libs",
					"../../../addons/ofxFFmpegRecorder/libs/ffmpeg",
					"../../../addons/ofxFFmpegRecorder/libs/ffmpeg/lib",
					"../../../addons/ofxFFmpegRecorder/libs/ffmpeg/lib/osx",
					"../../../addons/ofxFFmpegRecorder/libs/ffmpeg/lib/vs",
					"../../../addons/ofxFFmpegRecorder/src",
					"../../../addons/ofxGui/src",
					"../../../addons/ofxIntrospector/libs",
					"../../../addons/ofxIntrospector/src",
					"../../../addons/ofxRenderer/libs",
					"../../../addons/ofxRenderer/src",
					"../../../addons/ofxRenderer/src/fluid",
					"../../../addons/ofxRenderer/src/renderers",
					"../../../addons/ofxRenderer/src/shaders",
					"../../../addons/ofxSelfOrganizingMap/src",
					"../../../addons/ofxTimeMeasurements/src"
				],
				"LIBRARY_SEARCH_PATHS": "$(inherited)",
				"OTHER_LDFLAGS": [
					"$(OF_CORE_LIBS)",
					"$(OF_CORE_FRAMEWORKS)",
					"$(LIB_OF_DEBUG)"
				]
			},
			"isa": "XCBuildConfiguration",
			"name": "Debug"
		},
		"E4B69B610A3A1757003C02F2": {
			"baseConfigurationReference": "E4EB6923138AFD0F00A09F29",
			"buildSettings": {
				"ARCHS": "$(ARCHS_STANDARD)",
				"COPY_PHASE_STRIP": "YES",
				"FRAMEWORK_SEARCH_PATHS": "$(inherited)",
				"GCC_PREPROCESSOR_DEFINITIONS": [
					"USE_OFX_HISTORYPLOT"
				],
				"HEADER_SEARCH_PATHS": [
					"$(OF_CORE_HEADERS)",
					"src",
					"src",
					"../../../addons/ofxNetwork/src",
					"../../../addons/ofxOsc/libs",
					"../../../addons/ofxOsc/libs/oscpack",
					"../../../addons/ofxOsc/libs/oscpack/src",
					"../../../addons/ofxOsc/libs/oscpack/src/ip",
					"../../../addons/ofxOsc/libs/oscpack/src/ip/posix",
					"../../../addons/ofxOsc/libs/oscpack/src/osc",
					"../../../addons/ofxOsc/src",
					"../../../addons/ofxHistoryPlot/src",
					"../../../addons/ofxAudioAnalysisClient/libs",
					"../../../addons/ofxAudioAnalysisClient/src",
					"../../../addons/ofxAudioData/libs",
					"../../../addons/ofxAudioData/src",
					"../../../addons/ofxDividedArea/src",
					"../../../addons/ofxFFmpegRecorder/libs",
					"../../../addons/ofxFFmpegRecorder/libs/ffmpeg",
					"../../../addons/ofxFFmpegRecorder/libs/ffmpeg/lib",
					"../../../addons/ofxFFmpegRecorder/libs/ffmpeg/lib/osx",
					"../../../addons/ofxFFmpegRecorder/libs/ffmpeg/lib/vs",
					"../../../addons/ofxFFmpegRecorder/src",
					"../../../addons/ofxGui/src",
					"../../../addons/ofxIntrospector/libs",
					"../../../addons/ofxIntrospector/src",
					"../../../addons/ofxRenderer/libs",
					"../../../addons/ofxRenderer/src",
					"../../../addons/ofxRenderer/src/fluid",
					"../../../addons/ofxRenderer/src/renderers",
					"../../../addons/ofxRenderer/src/shaders",
					"../../../addons/ofxSelfOrganizingMap/src",
					"../../../addons/ofxTimeMeasurements/src"
				],
				"LIBRARY_SEARCH_PATHS": "$(inherited)",
				"OTHER_LDFLAGS": [
					"$(OF_CORE_LIBS)",
					"$(OF_CORE_FRAMEWORKS)",
					"$(LIB_OF)"
				],
				"baseConfigurationReference": "E4EB6923138AFD0F00A09F29"
			},
			"isa": "XCBuildConfiguration",
			"name": "Release"
		},
		"E4B69E1C0A3A1BDC003C02F2": {
			"children": [
				"E4B69E1D0A3A1BDC003C02F2",
				"E4B69E1E0A3A1BDC003C02F2",
				"E4B69E1F0A3A1BDC003C02F2",
				"A4191DB8-CEC2-4096-8468-43B639110375",
				"E1DB1E8E-6B1E-477D-A1DB-89EACAA1B526"
			],
			"isa": "PBXGroup",
			"path": "src",
			"sourceTree": "SOURCE_ROOT"
		},
		"E4B69E1D0A3A1BDC003C02F2": {
			"fileEncoding": "4",
			"isa": "PBXFileReference",
			"lastKnownFileType": "sourcecode.cpp.cpp",
			"name": "main.cpp",
			"path": "src/main.cpp",
			"sourceTree": "SOURCE_ROOT"
		},
		"E4B69E1E0A3A1BDC003C02F2": {
			"explicitFileType": "sourcecode.cpp.cpp",
			"fileEncoding": "4",
			"isa": "PBXFileReference",
			"name": "ofApp.cpp",
			"path": "src/ofApp.cpp",
			"sourceTree": "SOURCE_ROOT"
		},
		"E4B69E1F0A3A1BDC003C02F2": {
			"fileEncoding": "4",
			"isa": "PBXFileReference",
			"lastKnownFileType": "sourcecode.c.h",
			"name": "ofApp.h",
			"path": "src/ofApp.h",
			"sourceTree": "SOURCE_ROOT"
		},
		"E4B69E200A3A1BDC003C02F2": {
			"fileRef": "E4B69E1D0A3A1BDC003C02F2",
			"isa": "PBXBuildFile"
		},
		"E4B69E210A3A1BDC003C02F2": {
			"fileRef": "E4B69E1E0A3A1BDC003C02F2",
			"isa": "PBXBuildFile"
		},
		"E4B6FCAD0C3E899E008CF71C": {
			"fileEncoding": "4",
			"isa": "PBXFileReference",
			"lastKnownFileType": "text.plist.xml",
			"path": "openFrameworks-Info.plist",
			"sourceTree": "<group>"
		},
		"E4C2427710CC5ABF004149E2": {
			"buildActionMask": "2147483647",
			"dstPath": "",
			"dstSubfolderSpec": "10",
			"files": [],
			"isa": "PBXCopyFilesBuildPhase",
			"runOnlyForDeploymentPostprocessing": "0"
		},
		"E4EB6923138AFD0F00A09F29": {
			"fileEncoding": "4",
			"isa": "PBXFileReference",
			"lastKnownFileType": "text.xcconfig",
			"path": "Project.xcconfig",
			"sourceTree": "<group>"
		},
		"E592E7D0-EB31-45A9-97F5-89B89D0CA8C6": {
			"fileEncoding": "4",
			"isa": "PBXFileReference",
			"lastKnownFileType": "sourcecode.cpp.h",
			"name": "ofxDividedArea.h",
			"path": "../../../addons/ofxDividedArea/src/ofxDividedArea.h",
			"sourceTree": "SOURCE_ROOT"
		},
		"E91AEBC0-21F2-49D0-91AD-366B1E68A7CE": {
			"children": [
				"B04FA109-37E3-4A34-A384-2711F9F722D5",
				"3D44F363-F145-4732-8F38-247FD781167C",
				"B4183937-1331-453A-AE91-06DA11E18335",
				"748B1C13-BD4A-4F23-8666-BB0D9359DCE3",
				"4DB6D9A7-F234-412F-9AD3-3E032B3B2CF8",
				"EFDA5568-F7C8-431E-959A-65019F66338F",
				"F04A5E9D-AEE2-4981-937B-8E237D144A7C"
			],
			"isa": "PBXGroup",
			"name": "ip",
			"sourceTree": "SOURCE_ROOT"
		},
		"ED221766-D86C-417A-9A75-CF1EF24D8B12": {
			"children": [
				"F2265921-8B15-4DD7-966F-0692C2175BBA",
				"590791A8-4EA4-4331-AF76-B416566B4770",
				"327C4113-31B4-4791-AF29-330C98D49E41",
				"49AF785A-1C74-4DC0-8407-3695A9866EB6",
				"463A5004-0A4C-4CD8-81AD-ACAE05698E13",
				"77A06FC8-8D6A-4339-8050-AB9C0DE27EA3",
				"0099ACDC-C4E7-4E80-9DCF-93374758F208"
			],
			"isa": "PBXGroup",
			"name": "src",
			"sourceTree": "SOURCE_ROOT"
		},
		"EE9A05B1-7594-4481-BC8D-39D66F109A98": {
			"fileRef": "0A682FEA-E7CA-4793-A0D6-EFDDD2FB0BD1",
			"isa": "PBXBuildFile"
		},
		"EF0BCCC0-A0CB-4A3E-BDA5-E8F9647C5E89": {
			"fileEncoding": "4",
			"isa": "PBXFileReference",
			"lastKnownFileType": "sourcecode.cpp.cpp",
			"name": "ofxIntrospector.cpp",
			"path": "../../../addons/ofxIntrospector/src/ofxIntrospector.cpp",
			"sourceTree": "SOURCE_ROOT"
		},
		"EFDA5568-F7C8-431E-959A-65019F66338F": {
			"fileEncoding": "4",
			"isa": "PBXFileReference",
			"lastKnownFileType": "sourcecode.cpp.h",
			"name": "UdpSocket.h",
			"path": "../../../addons/ofxOsc/libs/oscpack/src/ip/UdpSocket.h",
			"sourceTree": "SOURCE_ROOT"
		},
		"F04A5E9D-AEE2-4981-937B-8E237D144A7C": {
			"children": [
				"442E8A32-83DB-4462-B02C-CDBE407300B0",
				"45DA2D15-9428-4AFF-9EB4-6952ABC8DA92"
			],
			"isa": "PBXGroup",
			"name": "posix",
			"sourceTree": "SOURCE_ROOT"
		},
		"F2265921-8B15-4DD7-966F-0692C2175BBA": {
			"fileEncoding": "4",
			"isa": "PBXFileReference",
			"lastKnownFileType": "sourcecode.cpp.cpp",
			"name": "BaseClient.cpp",
			"path": "../../../addons/ofxAudioAnalysisClient/src/BaseClient.cpp",
			"sourceTree": "SOURCE_ROOT"
		},
		"F282FB08-0803-4D7A-87CF-6465673F5E98": {
			"fileRef": "F7B24837-D29E-4382-9AC6-C6AB64D47462",
			"isa": "PBXBuildFile"
		},
		"F2CC2F41-1EED-4B19-8489-6FFCD53779B2": {
			"fileEncoding": "4",
			"isa": "PBXFileReference",
			"lastKnownFileType": "sourcecode.cpp.h",
			"name": "AdvectShader.h",
			"path": "../../../addons/ofxRenderer/src/fluid/AdvectShader.h",
			"sourceTree": "SOURCE_ROOT"
		},
		"F37B1334-1A47-4A52-AE3B-4A10C36ACEB2": {
			"fileEncoding": "4",
			"isa": "PBXFileReference",
			"lastKnownFileType": "sourcecode.cpp.cpp",
			"name": "ofxHistoryPlot.cpp",
			"path": "../../../addons/ofxHistoryPlot/src/ofxHistoryPlot.cpp",
			"sourceTree": "SOURCE_ROOT"
		},
		"F406DA12-A2A8-4B7A-8AF5-FD3513BAAEFE": {
			"fileEncoding": "4",
			"isa": "PBXFileReference",
			"lastKnownFileType": "sourcecode.cpp.h",
			"name": "ofxButton.h",
			"path": "../../../addons/ofxGui/src/ofxButton.h",
			"sourceTree": "SOURCE_ROOT"
		},
		"F528B48C-1DB5-47BD-A096-6FF3C68B7F6C": {
			"fileEncoding": "4",
			"isa": "PBXFileReference",
			"lastKnownFileType": "sourcecode.cpp.h",
			"name": "ofxPanel.h",
			"path": "../../../addons/ofxGui/src/ofxPanel.h",
			"sourceTree": "SOURCE_ROOT"
		},
		"F55D72AE-E044-4E64-B2E6-EC7D86C5F5B6": {
			"fileEncoding": "4",
			"isa": "PBXFileReference",
			"lastKnownFileType": "sourcecode.cpp.h",
			"name": "ofxToggle.h",
			"path": "../../../addons/ofxGui/src/ofxToggle.h",
			"sourceTree": "SOURCE_ROOT"
		},
		"F667A5E8-4A76-44D3-8198-C0A964A98BAD": {
			"fileEncoding": "4",
			"isa": "PBXFileReference",
			"lastKnownFileType": "sourcecode.cpp.h",
			"name": "DivergenceRenderer.h",
			"path": "../../../addons/ofxRenderer/src/fluid/DivergenceRenderer.h",
			"sourceTree": "SOURCE_ROOT"
		},
		"F6E3AF6A-7B67-481D-BC90-0BFC6E3E6D02": {
			"fileEncoding": "4",
			"isa": "PBXFileReference",
			"lastKnownFileType": "sourcecode.cpp.h",
			"name": "MinimalTree.h",
			"path": "../../../addons/ofxTimeMeasurements/src/MinimalTree.h",
			"sourceTree": "SOURCE_ROOT"
		},
		"F7B24837-D29E-4382-9AC6-C6AB64D47462": {
			"fileEncoding": "4",
			"isa": "PBXFileReference",
			"lastKnownFileType": "sourcecode.cpp.cpp",
			"name": "ofxTCPClient.cpp",
			"path": "../../../addons/ofxNetwork/src/ofxTCPClient.cpp",
			"sourceTree": "SOURCE_ROOT"
		},
		"F7D52980-7652-4982-B179-7B9B22CB9062": {
			"fileEncoding": "4",
			"isa": "PBXFileReference",
			"lastKnownFileType": "sourcecode.cpp.h",
			"name": "SubtractDivergenceShader.h",
			"path": "../../../addons/ofxRenderer/src/fluid/SubtractDivergenceShader.h",
			"sourceTree": "SOURCE_ROOT"
		}
	},
	"openFrameworksProjectGeneratorVersion": "34",
	"rootObject": "E4B69B4C0A3A1720003C02F2"
}